# THIS IS AN AUTOGENERATED FILE. DO NOT EDIT THIS FILE DIRECTLY.
# yarn lockfile v1


"@bufbuild/protobuf@^2.0.0", "@bufbuild/protobuf@^2.2.5":
  version "2.2.5"
  resolved "https://registry.yarnpkg.com/@bufbuild/protobuf/-/protobuf-2.2.5.tgz#8e82c0af292113b4a89f8b658c71c4636c8d2e36"
  integrity sha512-/g5EzJifw5GF8aren8wZ/G5oMuPoGeS6MQD3ca8ddcvdXR5UELUfdTZITCGNhNXynY/AYl3Z4plmxdj/tRl/hQ==

case-anything@^2.1.13:
  version "2.1.13"
  resolved "https://registry.yarnpkg.com/case-anything/-/case-anything-2.1.13.tgz#0cdc16278cb29a7fcdeb072400da3f342ba329e9"
  integrity sha512-zlOQ80VrQ2Ue+ymH5OuM/DlDq64mEm+B9UTdHULv5osUMD6HalNTblf2b1u/m6QecjsnOkBpqVZ+XPwIVsy7Ng==

detect-libc@^1.0.3:
  version "1.0.3"
  resolved "https://registry.yarnpkg.com/detect-libc/-/detect-libc-1.0.3.tgz#fa137c4bd698edf55cd5cd02ac559f91a4c4ba9b"
  integrity sha512-pGjwhsmsp4kL2RTz08wcOlGN83otlqHeD/Z5T8GXZB+/YcpQ/dgo+lbU8ZsGxV0HIvqqxo9l7mqYwyYMD9bKDg==

dprint-node@^1.0.8:
  version "1.0.8"
  resolved "https://registry.yarnpkg.com/dprint-node/-/dprint-node-1.0.8.tgz#a02470722d8208a7d7eb3704328afda1d6758625"
  integrity sha512-iVKnUtYfGrYcW1ZAlfR/F59cUVL8QIhWoBJoSjkkdua/dkWIgjZfiLMeTjiB06X0ZLkQ0M2C1VbUj/CxkIf1zg==
  dependencies:
    detect-libc "^1.0.3"

google-protobuf@^3.15.5:
  version "3.21.4"
  resolved "https://registry.yarnpkg.com/google-protobuf/-/google-protobuf-3.21.4.tgz#2f933e8b6e5e9f8edde66b7be0024b68f77da6c9"
  integrity sha512-MnG7N936zcKTco4Jd2PX2U96Kf9PxygAPKBug+74LHzmHXmceN16MmRcdgZv+DGef/S9YvQAfRsNCn4cjf9yyQ==

ts-poet@^6.7.0:
  version "6.11.0"
  resolved "https://registry.yarnpkg.com/ts-poet/-/ts-poet-6.11.0.tgz#b41085c4ebf329bc6293a7d610a105978982b41a"
  integrity sha512-r5AGF8vvb+GjBsnqiTqbLhN1/U2FJt6BI+k0dfCrkKzWvUhNlwMmq9nDHuucHs45LomgHjZPvYj96dD3JawjJA==
  dependencies:
    dprint-node "^1.0.8"

ts-proto-descriptors@2.0.0:
  version "2.0.0"
  resolved "https://registry.yarnpkg.com/ts-proto-descriptors/-/ts-proto-descriptors-2.0.0.tgz#3a0e301a91cc6e932ac8dd13f7e07caa8a032c43"
  integrity sha512-wHcTH3xIv11jxgkX5OyCSFfw27agpInAd6yh89hKG6zqIXnjW9SYqSER2CVQxdPj4czeOhGagNvZBEbJPy7qkw==
  dependencies:
    "@bufbuild/protobuf" "^2.0.0"

ts-proto@^2.7.0:
  version "2.7.0"
  resolved "https://registry.yarnpkg.com/ts-proto/-/ts-proto-2.7.0.tgz#ae2cc2e4cb5a28ba4af869f2ac4b1c3509b33b79"
  integrity sha512-BGHjse2wTOeswOqnnPKinpxmbaRd882so/e1En6ww59YMG7AO9Kg4vPpJcbVfrpBixPRDqHafXD/RDyd2T99GA==
  dependencies:
    "@bufbuild/protobuf" "^2.0.0"
    case-anything "^2.1.13"
    ts-poet "^6.7.0"
    ts-proto-descriptors "2.0.0"

ts-protoc-gen@^0.15.0:
  version "0.15.0"
  resolved "https://registry.yarnpkg.com/ts-protoc-gen/-/ts-protoc-gen-0.15.0.tgz#2fec5930b46def7dcc9fa73c060d770b7b076b7b"
  integrity sha512-TycnzEyrdVDlATJ3bWFTtra3SCiEP0W0vySXReAuEygXCUr1j2uaVyL0DhzjwuUdQoW5oXPwk6oZWeA0955V+g==
  dependencies:
    google-protobuf "^3.15.5"
